// !$*UTF8*$!
{
	archiveVersion = 1;
	classes = {
	};
	objectVersion = 46;
	objects = {

/* Begin PBXBuildFile section */
		305C6E8287E049E0B6A214E0 /* libPods.a in Frameworks */ = {isa = PBXBuildFile; fileRef = 2A13D036B8CC410C90FAFE06 /* libPods.a */; };
		48F64A2216DEA1A8003CC64C /* UIKit.framework in Frameworks */ = {isa = PBXBuildFile; fileRef = 48F64A2116DEA1A8003CC64C /* UIKit.framework */; };
		48F64A2416DEA1A8003CC64C /* Foundation.framework in Frameworks */ = {isa = PBXBuildFile; fileRef = 48F64A2316DEA1A8003CC64C /* Foundation.framework */; };
		48F64A2616DEA1A8003CC64C /* CoreGraphics.framework in Frameworks */ = {isa = PBXBuildFile; fileRef = 48F64A2516DEA1A8003CC64C /* CoreGraphics.framework */; };
		48F64A2C16DEA1A8003CC64C /* InfoPlist.strings in Resources */ = {isa = PBXBuildFile; fileRef = 48F64A2A16DEA1A8003CC64C /* InfoPlist.strings */; };
		48F64A2E16DEA1A8003CC64C /* main.m in Sources */ = {isa = PBXBuildFile; fileRef = 48F64A2D16DEA1A8003CC64C /* main.m */; };
		48F64A3216DEA1A8003CC64C /* AppDelegate.m in Sources */ = {isa = PBXBuildFile; fileRef = 48F64A3116DEA1A8003CC64C /* AppDelegate.m */; };
		48F64A3416DEA1A9003CC64C /* Default.png in Resources */ = {isa = PBXBuildFile; fileRef = 48F64A3316DEA1A9003CC64C /* Default.png */; };
		48F64A3616DEA1A9003CC64C /* Default@2x.png in Resources */ = {isa = PBXBuildFile; fileRef = 48F64A3516DEA1A9003CC64C /* Default@2x.png */; };
		48F64A3816DEA1A9003CC64C /* Default-568h@2x.png in Resources */ = {isa = PBXBuildFile; fileRef = 48F64A3716DEA1A9003CC64C /* Default-568h@2x.png */; };
		48F64A3B16DEA1A9003CC64C /* MainStoryboard.storyboard in Resources */ = {isa = PBXBuildFile; fileRef = 48F64A3916DEA1A9003CC64C /* MainStoryboard.storyboard */; };
		48F64A3E16DEA1A9003CC64C /* MasterViewController.m in Sources */ = {isa = PBXBuildFile; fileRef = 48F64A3D16DEA1A9003CC64C /* MasterViewController.m */; };
		48F64A4116DEA1A9003CC64C /* DetailViewController.m in Sources */ = {isa = PBXBuildFile; fileRef = 48F64A4016DEA1A9003CC64C /* DetailViewController.m */; };
		48F64A4C16DEA447003CC64C /* get_channels_response.xml in Resources */ = {isa = PBXBuildFile; fileRef = 48F64A4816DEA447003CC64C /* get_channels_response.xml */; };
		48F64A4D16DEA447003CC64C /* get_current_channel.xml in Resources */ = {isa = PBXBuildFile; fileRef = 48F64A4916DEA447003CC64C /* get_current_channel.xml */; };
		48F64A4E16DEA447003CC64C /* query.xsd in Resources */ = {isa = PBXBuildFile; fileRef = 48F64A4A16DEA447003CC64C /* query.xsd */; };
		48F64A4F16DEA447003CC64C /* tune_channel_response.xml in Resources */ = {isa = PBXBuildFile; fileRef = 48F64A4B16DEA447003CC64C /* tune_channel_response.xml */; };
		48F64A5116DEA474003CC64C /* full_querry_response.xml in Resources */ = {isa = PBXBuildFile; fileRef = 48F64A5016DEA474003CC64C /* full_querry_response.xml */; };
		48F64A5516DFF8D8003CC64C /* TwitterClient.m in Sources */ = {isa = PBXBuildFile; fileRef = 48F64A5416DFF8D8003CC64C /* TwitterClient.m */; };
		48F64A5B16DFF9B5003CC64C /* Post.m in Sources */ = {isa = PBXBuildFile; fileRef = 48F64A5816DFF9B5003CC64C /* Post.m */; };
		48F64A5C16DFF9B5003CC64C /* User.m in Sources */ = {isa = PBXBuildFile; fileRef = 48F64A5A16DFF9B5003CC64C /* User.m */; };
		48F64A6016DFFE6A003CC64C /* PostTableViewCell.m in Sources */ = {isa = PBXBuildFile; fileRef = 48F64A5F16DFFE6A003CC64C /* PostTableViewCell.m */; };
		48F64A6416E001D9003CC64C /* profile-image-placeholder.png in Resources */ = {isa = PBXBuildFile; fileRef = 48F64A6216E001D9003CC64C /* profile-image-placeholder.png */; };
		48F64A6516E001D9003CC64C /* profile-image-placeholder@2x.png in Resources */ = {isa = PBXBuildFile; fileRef = 48F64A6316E001D9003CC64C /* profile-image-placeholder@2x.png */; };
		48F64A7616E00522003CC64C /* bg-addbutton-highlighted.png in Resources */ = {isa = PBXBuildFile; fileRef = 48F64A6816E00522003CC64C /* bg-addbutton-highlighted.png */; };
		48F64A7716E00522003CC64C /* bg-addbutton-highlighted@2x.png in Resources */ = {isa = PBXBuildFile; fileRef = 48F64A6916E00522003CC64C /* bg-addbutton-highlighted@2x.png */; };
		48F64A7816E00522003CC64C /* bg-addbutton.png in Resources */ = {isa = PBXBuildFile; fileRef = 48F64A6A16E00522003CC64C /* bg-addbutton.png */; };
		48F64A7916E00522003CC64C /* bg-addbutton@2x.png in Resources */ = {isa = PBXBuildFile; fileRef = 48F64A6B16E00522003CC64C /* bg-addbutton@2x.png */; };
		48F64A7A16E00522003CC64C /* bg-menuitem-highlighted.png in Resources */ = {isa = PBXBuildFile; fileRef = 48F64A6C16E00522003CC64C /* bg-menuitem-highlighted.png */; };
		48F64A7B16E00522003CC64C /* bg-menuitem-highlighted@2x.png in Resources */ = {isa = PBXBuildFile; fileRef = 48F64A6D16E00522003CC64C /* bg-menuitem-highlighted@2x.png */; };
		48F64A7C16E00522003CC64C /* bg-menuitem.png in Resources */ = {isa = PBXBuildFile; fileRef = 48F64A6E16E00522003CC64C /* bg-menuitem.png */; };
		48F64A7D16E00522003CC64C /* bg-menuitem@2x.png in Resources */ = {isa = PBXBuildFile; fileRef = 48F64A6F16E00522003CC64C /* bg-menuitem@2x.png */; };
		48F64A7E16E00522003CC64C /* icon-plus-highlighted.png in Resources */ = {isa = PBXBuildFile; fileRef = 48F64A7016E00522003CC64C /* icon-plus-highlighted.png */; };
		48F64A7F16E00522003CC64C /* icon-plus-highlighted@2x.png in Resources */ = {isa = PBXBuildFile; fileRef = 48F64A7116E00522003CC64C /* icon-plus-highlighted@2x.png */; };
		48F64A8016E00522003CC64C /* icon-plus.png in Resources */ = {isa = PBXBuildFile; fileRef = 48F64A7216E00522003CC64C /* icon-plus.png */; };
		48F64A8116E00522003CC64C /* icon-plus@2x.png in Resources */ = {isa = PBXBuildFile; fileRef = 48F64A7316E00522003CC64C /* icon-plus@2x.png */; };
		48F64A8216E00522003CC64C /* icon-star.png in Resources */ = {isa = PBXBuildFile; fileRef = 48F64A7416E00522003CC64C /* icon-star.png */; };
		48F64A8316E00522003CC64C /* icon-star@2x.png in Resources */ = {isa = PBXBuildFile; fileRef = 48F64A7516E00522003CC64C /* icon-star@2x.png */; };
		48F64A8916E0055B003CC64C /* AwesomeMenu.m in Sources */ = {isa = PBXBuildFile; fileRef = 48F64A8616E0055B003CC64C /* AwesomeMenu.m */; settings = {COMPILER_FLAGS = "-fno-objc-arc"; }; };
		48F64A8A16E0055B003CC64C /* AwesomeMenuItem.m in Sources */ = {isa = PBXBuildFile; fileRef = 48F64A8816E0055B003CC64C /* AwesomeMenuItem.m */; settings = {COMPILER_FLAGS = "-fno-objc-arc"; }; };
		48F64A8C16E00675003CC64C /* QuartzCore.framework in Frameworks */ = {isa = PBXBuildFile; fileRef = 48F64A8B16E00675003CC64C /* QuartzCore.framework */; };
		48F64A8F16E0EF3C003CC64C /* ChannelsCell.m in Sources */ = {isa = PBXBuildFile; fileRef = 48F64A8E16E0EF3C003CC64C /* ChannelsCell.m */; };
		48F64A9216E0EFED003CC64C /* Channel.m in Sources */ = {isa = PBXBuildFile; fileRef = 48F64A9116E0EFED003CC64C /* Channel.m */; };
		48F64A9516E0F00E003CC64C /* Event.m in Sources */ = {isa = PBXBuildFile; fileRef = 48F64A9416E0F00E003CC64C /* Event.m */; };
		48F64A9816E0FFB1003CC64C /* STBClient.m in Sources */ = {isa = PBXBuildFile; fileRef = 48F64A9716E0FFB1003CC64C /* STBClient.m */; };
		48F64A9B16E222E8003CC64C /* SpotifyWebViewController.m in Sources */ = {isa = PBXBuildFile; fileRef = 48F64A9A16E222E5003CC64C /* SpotifyWebViewController.m */; };
		48F64A9D16E26E0E003CC64C /* Social.framework in Frameworks */ = {isa = PBXBuildFile; fileRef = 48F64A9C16E26E0E003CC64C /* Social.framework */; };
		48F64AA016E2B08B003CC64C /* game2.png in Resources */ = {isa = PBXBuildFile; fileRef = 48F64A9E16E2B08A003CC64C /* game2.png */; };
		48F64AA116E2B08B003CC64C /* spotifyLogo.png in Resources */ = {isa = PBXBuildFile; fileRef = 48F64A9F16E2B08A003CC64C /* spotifyLogo.png */; };
		48F64AA416E2B1BE003CC64C /* QuizViewController.m in Sources */ = {isa = PBXBuildFile; fileRef = 48F64AA316E2B1BA003CC64C /* QuizViewController.m */; };
/* End PBXBuildFile section */

/* Begin PBXFileReference section */
		2A13D036B8CC410C90FAFE06 /* libPods.a */ = {isa = PBXFileReference; explicitFileType = archive.ar; includeInIndex = 0; path = libPods.a; sourceTree = BUILT_PRODUCTS_DIR; };
		48F64A1E16DEA1A8003CC64C /* stb.app */ = {isa = PBXFileReference; explicitFileType = wrapper.application; includeInIndex = 0; path = stb.app; sourceTree = BUILT_PRODUCTS_DIR; };
		48F64A2116DEA1A8003CC64C /* UIKit.framework */ = {isa = PBXFileReference; lastKnownFileType = wrapper.framework; name = UIKit.framework; path = System/Library/Frameworks/UIKit.framework; sourceTree = SDKROOT; };
		48F64A2316DEA1A8003CC64C /* Foundation.framework */ = {isa = PBXFileReference; lastKnownFileType = wrapper.framework; name = Foundation.framework; path = System/Library/Frameworks/Foundation.framework; sourceTree = SDKROOT; };
		48F64A2516DEA1A8003CC64C /* CoreGraphics.framework */ = {isa = PBXFileReference; lastKnownFileType = wrapper.framework; name = CoreGraphics.framework; path = System/Library/Frameworks/CoreGraphics.framework; sourceTree = SDKROOT; };
		48F64A2916DEA1A8003CC64C /* stb-Info.plist */ = {isa = PBXFileReference; lastKnownFileType = text.plist.xml; path = "stb-Info.plist"; sourceTree = "<group>"; };
		48F64A2B16DEA1A8003CC64C /* en */ = {isa = PBXFileReference; lastKnownFileType = text.plist.strings; name = en; path = en.lproj/InfoPlist.strings; sourceTree = "<group>"; };
		48F64A2D16DEA1A8003CC64C /* main.m */ = {isa = PBXFileReference; lastKnownFileType = sourcecode.c.objc; path = main.m; sourceTree = "<group>"; };
		48F64A2F16DEA1A8003CC64C /* stb-Prefix.pch */ = {isa = PBXFileReference; lastKnownFileType = sourcecode.c.h; path = "stb-Prefix.pch"; sourceTree = "<group>"; };
		48F64A3016DEA1A8003CC64C /* AppDelegate.h */ = {isa = PBXFileReference; lastKnownFileType = sourcecode.c.h; path = AppDelegate.h; sourceTree = "<group>"; };
		48F64A3116DEA1A8003CC64C /* AppDelegate.m */ = {isa = PBXFileReference; lastKnownFileType = sourcecode.c.objc; path = AppDelegate.m; sourceTree = "<group>"; };
		48F64A3316DEA1A9003CC64C /* Default.png */ = {isa = PBXFileReference; lastKnownFileType = image.png; path = Default.png; sourceTree = "<group>"; };
		48F64A3516DEA1A9003CC64C /* Default@2x.png */ = {isa = PBXFileReference; lastKnownFileType = image.png; path = "Default@2x.png"; sourceTree = "<group>"; };
		48F64A3716DEA1A9003CC64C /* Default-568h@2x.png */ = {isa = PBXFileReference; lastKnownFileType = image.png; path = "Default-568h@2x.png"; sourceTree = "<group>"; };
		48F64A3A16DEA1A9003CC64C /* en */ = {isa = PBXFileReference; lastKnownFileType = file.storyboard; name = en; path = en.lproj/MainStoryboard.storyboard; sourceTree = "<group>"; };
		48F64A3C16DEA1A9003CC64C /* MasterViewController.h */ = {isa = PBXFileReference; lastKnownFileType = sourcecode.c.h; path = MasterViewController.h; sourceTree = "<group>"; };
		48F64A3D16DEA1A9003CC64C /* MasterViewController.m */ = {isa = PBXFileReference; lastKnownFileType = sourcecode.c.objc; path = MasterViewController.m; sourceTree = "<group>"; };
		48F64A3F16DEA1A9003CC64C /* DetailViewController.h */ = {isa = PBXFileReference; lastKnownFileType = sourcecode.c.h; path = DetailViewController.h; sourceTree = "<group>"; };
		48F64A4016DEA1A9003CC64C /* DetailViewController.m */ = {isa = PBXFileReference; lastKnownFileType = sourcecode.c.objc; path = DetailViewController.m; sourceTree = "<group>"; };
		48F64A4816DEA447003CC64C /* get_channels_response.xml */ = {isa = PBXFileReference; fileEncoding = 4; lastKnownFileType = text.xml; path = get_channels_response.xml; sourceTree = "<group>"; };
		48F64A4916DEA447003CC64C /* get_current_channel.xml */ = {isa = PBXFileReference; fileEncoding = 4; lastKnownFileType = text.xml; path = get_current_channel.xml; sourceTree = "<group>"; };
		48F64A4A16DEA447003CC64C /* query.xsd */ = {isa = PBXFileReference; fileEncoding = 4; lastKnownFileType = text.xml; path = query.xsd; sourceTree = "<group>"; };
		48F64A4B16DEA447003CC64C /* tune_channel_response.xml */ = {isa = PBXFileReference; fileEncoding = 4; lastKnownFileType = text.xml; path = tune_channel_response.xml; sourceTree = "<group>"; };
		48F64A5016DEA474003CC64C /* full_querry_response.xml */ = {isa = PBXFileReference; fileEncoding = 4; lastKnownFileType = text.xml; path = full_querry_response.xml; sourceTree = "<group>"; };
		48F64A5316DFF8D8003CC64C /* TwitterClient.h */ = {isa = PBXFileReference; fileEncoding = 4; lastKnownFileType = sourcecode.c.h; name = TwitterClient.h; path = Networking/TwitterClient.h; sourceTree = "<group>"; };
		48F64A5416DFF8D8003CC64C /* TwitterClient.m */ = {isa = PBXFileReference; fileEncoding = 4; lastKnownFileType = sourcecode.c.objc; name = TwitterClient.m; path = Networking/TwitterClient.m; sourceTree = "<group>"; };
		48F64A5716DFF9B5003CC64C /* Post.h */ = {isa = PBXFileReference; fileEncoding = 4; lastKnownFileType = sourcecode.c.h; path = Post.h; sourceTree = "<group>"; };
		48F64A5816DFF9B5003CC64C /* Post.m */ = {isa = PBXFileReference; fileEncoding = 4; lastKnownFileType = sourcecode.c.objc; path = Post.m; sourceTree = "<group>"; };
		48F64A5916DFF9B5003CC64C /* User.h */ = {isa = PBXFileReference; fileEncoding = 4; lastKnownFileType = sourcecode.c.h; path = User.h; sourceTree = "<group>"; };
		48F64A5A16DFF9B5003CC64C /* User.m */ = {isa = PBXFileReference; fileEncoding = 4; lastKnownFileType = sourcecode.c.objc; path = User.m; sourceTree = "<group>"; };
		48F64A5E16DFFE6A003CC64C /* PostTableViewCell.h */ = {isa = PBXFileReference; fileEncoding = 4; lastKnownFileType = sourcecode.c.h; path = PostTableViewCell.h; sourceTree = "<group>"; };
		48F64A5F16DFFE6A003CC64C /* PostTableViewCell.m */ = {isa = PBXFileReference; fileEncoding = 4; lastKnownFileType = sourcecode.c.objc; path = PostTableViewCell.m; sourceTree = "<group>"; };
		48F64A6216E001D9003CC64C /* profile-image-placeholder.png */ = {isa = PBXFileReference; lastKnownFileType = image.png; path = "profile-image-placeholder.png"; sourceTree = "<group>"; };
		48F64A6316E001D9003CC64C /* profile-image-placeholder@2x.png */ = {isa = PBXFileReference; lastKnownFileType = image.png; path = "profile-image-placeholder@2x.png"; sourceTree = "<group>"; };
		48F64A6816E00522003CC64C /* bg-addbutton-highlighted.png */ = {isa = PBXFileReference; lastKnownFileType = image.png; path = "bg-addbutton-highlighted.png"; sourceTree = "<group>"; };
		48F64A6916E00522003CC64C /* bg-addbutton-highlighted@2x.png */ = {isa = PBXFileReference; lastKnownFileType = image.png; path = "bg-addbutton-highlighted@2x.png"; sourceTree = "<group>"; };
		48F64A6A16E00522003CC64C /* bg-addbutton.png */ = {isa = PBXFileReference; lastKnownFileType = image.png; path = "bg-addbutton.png"; sourceTree = "<group>"; };
		48F64A6B16E00522003CC64C /* bg-addbutton@2x.png */ = {isa = PBXFileReference; lastKnownFileType = image.png; path = "bg-addbutton@2x.png"; sourceTree = "<group>"; };
		48F64A6C16E00522003CC64C /* bg-menuitem-highlighted.png */ = {isa = PBXFileReference; lastKnownFileType = image.png; path = "bg-menuitem-highlighted.png"; sourceTree = "<group>"; };
		48F64A6D16E00522003CC64C /* bg-menuitem-highlighted@2x.png */ = {isa = PBXFileReference; lastKnownFileType = image.png; path = "bg-menuitem-highlighted@2x.png"; sourceTree = "<group>"; };
		48F64A6E16E00522003CC64C /* bg-menuitem.png */ = {isa = PBXFileReference; lastKnownFileType = image.png; path = "bg-menuitem.png"; sourceTree = "<group>"; };
		48F64A6F16E00522003CC64C /* bg-menuitem@2x.png */ = {isa = PBXFileReference; lastKnownFileType = image.png; path = "bg-menuitem@2x.png"; sourceTree = "<group>"; };
		48F64A7016E00522003CC64C /* icon-plus-highlighted.png */ = {isa = PBXFileReference; lastKnownFileType = image.png; path = "icon-plus-highlighted.png"; sourceTree = "<group>"; };
		48F64A7116E00522003CC64C /* icon-plus-highlighted@2x.png */ = {isa = PBXFileReference; lastKnownFileType = image.png; path = "icon-plus-highlighted@2x.png"; sourceTree = "<group>"; };
		48F64A7216E00522003CC64C /* icon-plus.png */ = {isa = PBXFileReference; lastKnownFileType = image.png; path = "icon-plus.png"; sourceTree = "<group>"; };
		48F64A7316E00522003CC64C /* icon-plus@2x.png */ = {isa = PBXFileReference; lastKnownFileType = image.png; path = "icon-plus@2x.png"; sourceTree = "<group>"; };
		48F64A7416E00522003CC64C /* icon-star.png */ = {isa = PBXFileReference; lastKnownFileType = image.png; path = "icon-star.png"; sourceTree = "<group>"; };
		48F64A7516E00522003CC64C /* icon-star@2x.png */ = {isa = PBXFileReference; lastKnownFileType = image.png; path = "icon-star@2x.png"; sourceTree = "<group>"; };
		48F64A8516E0055B003CC64C /* AwesomeMenu.h */ = {isa = PBXFileReference; fileEncoding = 4; lastKnownFileType = sourcecode.c.h; path = AwesomeMenu.h; sourceTree = "<group>"; };
		48F64A8616E0055B003CC64C /* AwesomeMenu.m */ = {isa = PBXFileReference; fileEncoding = 4; lastKnownFileType = sourcecode.c.objc; path = AwesomeMenu.m; sourceTree = "<group>"; };
		48F64A8716E0055B003CC64C /* AwesomeMenuItem.h */ = {isa = PBXFileReference; fileEncoding = 4; lastKnownFileType = sourcecode.c.h; path = AwesomeMenuItem.h; sourceTree = "<group>"; };
		48F64A8816E0055B003CC64C /* AwesomeMenuItem.m */ = {isa = PBXFileReference; fileEncoding = 4; lastKnownFileType = sourcecode.c.objc; path = AwesomeMenuItem.m; sourceTree = "<group>"; };
		48F64A8B16E00675003CC64C /* QuartzCore.framework */ = {isa = PBXFileReference; lastKnownFileType = wrapper.framework; name = QuartzCore.framework; path = System/Library/Frameworks/QuartzCore.framework; sourceTree = SDKROOT; };
		48F64A8D16E0EF3C003CC64C /* ChannelsCell.h */ = {isa = PBXFileReference; fileEncoding = 4; lastKnownFileType = sourcecode.c.h; path = ChannelsCell.h; sourceTree = "<group>"; };
		48F64A8E16E0EF3C003CC64C /* ChannelsCell.m */ = {isa = PBXFileReference; fileEncoding = 4; lastKnownFileType = sourcecode.c.objc; path = ChannelsCell.m; sourceTree = "<group>"; };
		48F64A9016E0EFED003CC64C /* Channel.h */ = {isa = PBXFileReference; fileEncoding = 4; lastKnownFileType = sourcecode.c.h; path = Channel.h; sourceTree = "<group>"; };
		48F64A9116E0EFED003CC64C /* Channel.m */ = {isa = PBXFileReference; fileEncoding = 4; lastKnownFileType = sourcecode.c.objc; path = Channel.m; sourceTree = "<group>"; };
		48F64A9316E0F00E003CC64C /* Event.h */ = {isa = PBXFileReference; fileEncoding = 4; lastKnownFileType = sourcecode.c.h; path = Event.h; sourceTree = "<group>"; };
		48F64A9416E0F00E003CC64C /* Event.m */ = {isa = PBXFileReference; fileEncoding = 4; lastKnownFileType = sourcecode.c.objc; path = Event.m; sourceTree = "<group>"; };
		48F64A9616E0FFB1003CC64C /* STBClient.h */ = {isa = PBXFileReference; fileEncoding = 4; lastKnownFileType = sourcecode.c.h; name = STBClient.h; path = Networking/STBClient.h; sourceTree = "<group>"; };
		48F64A9716E0FFB1003CC64C /* STBClient.m */ = {isa = PBXFileReference; fileEncoding = 4; lastKnownFileType = sourcecode.c.objc; name = STBClient.m; path = Networking/STBClient.m; sourceTree = "<group>"; };
		48F64A9916E222E4003CC64C /* SpotifyWebViewController.h */ = {isa = PBXFileReference; fileEncoding = 4; lastKnownFileType = sourcecode.c.h; path = SpotifyWebViewController.h; sourceTree = "<group>"; };
		48F64A9A16E222E5003CC64C /* SpotifyWebViewController.m */ = {isa = PBXFileReference; fileEncoding = 4; lastKnownFileType = sourcecode.c.objc; path = SpotifyWebViewController.m; sourceTree = "<group>"; };
		48F64A9C16E26E0E003CC64C /* Social.framework */ = {isa = PBXFileReference; lastKnownFileType = wrapper.framework; name = Social.framework; path = System/Library/Frameworks/Social.framework; sourceTree = SDKROOT; };
		48F64A9E16E2B08A003CC64C /* game2.png */ = {isa = PBXFileReference; lastKnownFileType = image.png; path = game2.png; sourceTree = "<group>"; };
		48F64A9F16E2B08A003CC64C /* spotifyLogo.png */ = {isa = PBXFileReference; lastKnownFileType = image.png; path = spotifyLogo.png; sourceTree = "<group>"; };
		48F64AA216E2B1B9003CC64C /* QuizViewController.h */ = {isa = PBXFileReference; fileEncoding = 4; lastKnownFileType = sourcecode.c.h; path = QuizViewController.h; sourceTree = "<group>"; };
		48F64AA316E2B1BA003CC64C /* QuizViewController.m */ = {isa = PBXFileReference; fileEncoding = 4; lastKnownFileType = sourcecode.c.objc; path = QuizViewController.m; sourceTree = "<group>"; };
		BFFD48205B174C8D9FC024F2 /* Pods.xcconfig */ = {isa = PBXFileReference; includeInIndex = 1; lastKnownFileType = text.xcconfig; name = Pods.xcconfig; path = Pods/Pods.xcconfig; sourceTree = SOURCE_ROOT; };
/* End PBXFileReference section */

/* Begin PBXFrameworksBuildPhase section */
		48F64A1B16DEA1A8003CC64C /* Frameworks */ = {
			isa = PBXFrameworksBuildPhase;
			buildActionMask = 2147483647;
			files = (
				48F64A9D16E26E0E003CC64C /* Social.framework in Frameworks */,
				48F64A8C16E00675003CC64C /* QuartzCore.framework in Frameworks */,
				48F64A2216DEA1A8003CC64C /* UIKit.framework in Frameworks */,
				48F64A2416DEA1A8003CC64C /* Foundation.framework in Frameworks */,
				48F64A2616DEA1A8003CC64C /* CoreGraphics.framework in Frameworks */,
				305C6E8287E049E0B6A214E0 /* libPods.a in Frameworks */,
			);
			runOnlyForDeploymentPostprocessing = 0;
		};
/* End PBXFrameworksBuildPhase section */

/* Begin PBXGroup section */
		48F64A1516DEA1A8003CC64C = {
			isa = PBXGroup;
			children = (
				48F64A2716DEA1A8003CC64C /* stb */,
				48F64A2016DEA1A8003CC64C /* Frameworks */,
				48F64A1F16DEA1A8003CC64C /* Products */,
				BFFD48205B174C8D9FC024F2 /* Pods.xcconfig */,
			);
			sourceTree = "<group>";
		};
		48F64A1F16DEA1A8003CC64C /* Products */ = {
			isa = PBXGroup;
			children = (
				48F64A1E16DEA1A8003CC64C /* stb.app */,
			);
			name = Products;
			sourceTree = "<group>";
		};
		48F64A2016DEA1A8003CC64C /* Frameworks */ = {
			isa = PBXGroup;
			children = (
				48F64A9C16E26E0E003CC64C /* Social.framework */,
				48F64A8B16E00675003CC64C /* QuartzCore.framework */,
				48F64A2116DEA1A8003CC64C /* UIKit.framework */,
				48F64A2316DEA1A8003CC64C /* Foundation.framework */,
				48F64A2516DEA1A8003CC64C /* CoreGraphics.framework */,
				2A13D036B8CC410C90FAFE06 /* libPods.a */,
			);
			name = Frameworks;
			sourceTree = "<group>";
		};
		48F64A2716DEA1A8003CC64C /* stb */ = {
			isa = PBXGroup;
			children = (
				48F64A8416E0055B003CC64C /* AwesomeMenu */,
				48F64A6116E001CE003CC64C /* images */,
				48F64A5D16DFFE4B003CC64C /* Views */,
				48F64A5616DFF9B5003CC64C /* Models */,
				48F64A5216DFF8AE003CC64C /* Networking */,
				48F64A3016DEA1A8003CC64C /* AppDelegate.h */,
				48F64A3116DEA1A8003CC64C /* AppDelegate.m */,
				48F64A3916DEA1A9003CC64C /* MainStoryboard.storyboard */,
				48F64A3C16DEA1A9003CC64C /* MasterViewController.h */,
				48F64A2816DEA1A8003CC64C /* Supporting Files */,
				48F64A3D16DEA1A9003CC64C /* MasterViewController.m */,
				48F64A9916E222E4003CC64C /* SpotifyWebViewController.h */,
				48F64A9A16E222E5003CC64C /* SpotifyWebViewController.m */,
				48F64AA216E2B1B9003CC64C /* QuizViewController.h */,
				48F64AA316E2B1BA003CC64C /* QuizViewController.m */,
				48F64A3F16DEA1A9003CC64C /* DetailViewController.h */,
				48F64A4016DEA1A9003CC64C /* DetailViewController.m */,
			);
			path = stb;
			sourceTree = "<group>";
		};
		48F64A2816DEA1A8003CC64C /* Supporting Files */ = {
			isa = PBXGroup;
			children = (
				48F64A4716DEA447003CC64C /* demoresponses */,
				48F64A2916DEA1A8003CC64C /* stb-Info.plist */,
				48F64A2A16DEA1A8003CC64C /* InfoPlist.strings */,
				48F64A2D16DEA1A8003CC64C /* main.m */,
				48F64A2F16DEA1A8003CC64C /* stb-Prefix.pch */,
				48F64A3316DEA1A9003CC64C /* Default.png */,
				48F64A3516DEA1A9003CC64C /* Default@2x.png */,
				48F64A3716DEA1A9003CC64C /* Default-568h@2x.png */,
			);
			name = "Supporting Files";
			sourceTree = "<group>";
		};
		48F64A4716DEA447003CC64C /* demoresponses */ = {
			isa = PBXGroup;
			children = (
				48F64A4816DEA447003CC64C /* get_channels_response.xml */,
				48F64A4916DEA447003CC64C /* get_current_channel.xml */,
				48F64A4A16DEA447003CC64C /* query.xsd */,
				48F64A4B16DEA447003CC64C /* tune_channel_response.xml */,
				48F64A5016DEA474003CC64C /* full_querry_response.xml */,
			);
			path = demoresponses;
			sourceTree = "<group>";
		};
		48F64A5216DFF8AE003CC64C /* Networking */ = {
			isa = PBXGroup;
			children = (
				48F64A5316DFF8D8003CC64C /* TwitterClient.h */,
				48F64A5416DFF8D8003CC64C /* TwitterClient.m */,
				48F64A9616E0FFB1003CC64C /* STBClient.h */,
				48F64A9716E0FFB1003CC64C /* STBClient.m */,
			);
			name = Networking;
			sourceTree = "<group>";
		};
		48F64A5616DFF9B5003CC64C /* Models */ = {
			isa = PBXGroup;
			children = (
				48F64A5716DFF9B5003CC64C /* Post.h */,
				48F64A5816DFF9B5003CC64C /* Post.m */,
				48F64A5916DFF9B5003CC64C /* User.h */,
				48F64A5A16DFF9B5003CC64C /* User.m */,
				48F64A9016E0EFED003CC64C /* Channel.h */,
				48F64A9116E0EFED003CC64C /* Channel.m */,
				48F64A9316E0F00E003CC64C /* Event.h */,
				48F64A9416E0F00E003CC64C /* Event.m */,
			);
			path = Models;
			sourceTree = "<group>";
		};
		48F64A5D16DFFE4B003CC64C /* Views */ = {
			isa = PBXGroup;
			children = (
				48F64A5E16DFFE6A003CC64C /* PostTableViewCell.h */,
				48F64A5F16DFFE6A003CC64C /* PostTableViewCell.m */,
				48F64A8D16E0EF3C003CC64C /* ChannelsCell.h */,
				48F64A8E16E0EF3C003CC64C /* ChannelsCell.m */,
			);
			name = Views;
			sourceTree = "<group>";
		};
		48F64A6116E001CE003CC64C /* images */ = {
			isa = PBXGroup;
			children = (
				48F64A6716E00522003CC64C /* menu */,
				48F64A6216E001D9003CC64C /* profile-image-placeholder.png */,
				48F64A6316E001D9003CC64C /* profile-image-placeholder@2x.png */,
			);
			path = images;
			sourceTree = "<group>";
		};
		48F64A6716E00522003CC64C /* menu */ = {
			isa = PBXGroup;
			children = (
				48F64A6816E00522003CC64C /* bg-addbutton-highlighted.png */,
				48F64A6916E00522003CC64C /* bg-addbutton-highlighted@2x.png */,
				48F64A6A16E00522003CC64C /* bg-addbutton.png */,
				48F64A6B16E00522003CC64C /* bg-addbutton@2x.png */,
				48F64A6C16E00522003CC64C /* bg-menuitem-highlighted.png */,
				48F64A6D16E00522003CC64C /* bg-menuitem-highlighted@2x.png */,
				48F64A6E16E00522003CC64C /* bg-menuitem.png */,
				48F64A6F16E00522003CC64C /* bg-menuitem@2x.png */,
				48F64A7016E00522003CC64C /* icon-plus-highlighted.png */,
				48F64A7116E00522003CC64C /* icon-plus-highlighted@2x.png */,
				48F64A7216E00522003CC64C /* icon-plus.png */,
				48F64A7316E00522003CC64C /* icon-plus@2x.png */,
				48F64A7416E00522003CC64C /* icon-star.png */,
				48F64A7516E00522003CC64C /* icon-star@2x.png */,
				48F64A9E16E2B08A003CC64C /* game2.png */,
				48F64A9F16E2B08A003CC64C /* spotifyLogo.png */,
			);
			path = menu;
			sourceTree = "<group>";
		};
		48F64A8416E0055B003CC64C /* AwesomeMenu */ = {
			isa = PBXGroup;
			children = (
				48F64A8516E0055B003CC64C /* AwesomeMenu.h */,
				48F64A8616E0055B003CC64C /* AwesomeMenu.m */,
				48F64A8716E0055B003CC64C /* AwesomeMenuItem.h */,
				48F64A8816E0055B003CC64C /* AwesomeMenuItem.m */,
			);
			path = AwesomeMenu;
			sourceTree = "<group>";
		};
/* End PBXGroup section */

/* Begin PBXNativeTarget section */
		48F64A1D16DEA1A8003CC64C /* stb */ = {
			isa = PBXNativeTarget;
			buildConfigurationList = 48F64A4416DEA1A9003CC64C /* Build configuration list for PBXNativeTarget "stb" */;
			buildPhases = (
				48F64A1A16DEA1A8003CC64C /* Sources */,
				48F64A1B16DEA1A8003CC64C /* Frameworks */,
				48F64A1C16DEA1A8003CC64C /* Resources */,
				42F04340B2CB4F53B963C8B3 /* Copy Pods Resources */,
			);
			buildRules = (
			);
			dependencies = (
			);
			name = stb;
			productName = stb;
			productReference = 48F64A1E16DEA1A8003CC64C /* stb.app */;
			productType = "com.apple.product-type.application";
		};
/* End PBXNativeTarget section */

/* Begin PBXProject section */
		48F64A1616DEA1A8003CC64C /* Project object */ = {
			isa = PBXProject;
			attributes = {
				LastUpgradeCheck = 0460;
				ORGANIZATIONNAME = Reply;
			};
			buildConfigurationList = 48F64A1916DEA1A8003CC64C /* Build configuration list for PBXProject "stb" */;
			compatibilityVersion = "Xcode 3.2";
			developmentRegion = English;
			hasScannedForEncodings = 0;
			knownRegions = (
				en,
			);
			mainGroup = 48F64A1516DEA1A8003CC64C;
			productRefGroup = 48F64A1F16DEA1A8003CC64C /* Products */;
			projectDirPath = "";
			projectRoot = "";
			targets = (
				48F64A1D16DEA1A8003CC64C /* stb */,
			);
		};
/* End PBXProject section */

/* Begin PBXResourcesBuildPhase section */
		48F64A1C16DEA1A8003CC64C /* Resources */ = {
			isa = PBXResourcesBuildPhase;
			buildActionMask = 2147483647;
			files = (
				48F64A2C16DEA1A8003CC64C /* InfoPlist.strings in Resources */,
				48F64A3416DEA1A9003CC64C /* Default.png in Resources */,
				48F64A3616DEA1A9003CC64C /* Default@2x.png in Resources */,
				48F64A3816DEA1A9003CC64C /* Default-568h@2x.png in Resources */,
				48F64A3B16DEA1A9003CC64C /* MainStoryboard.storyboard in Resources */,
				48F64A4C16DEA447003CC64C /* get_channels_response.xml in Resources */,
				48F64A4D16DEA447003CC64C /* get_current_channel.xml in Resources */,
				48F64A4E16DEA447003CC64C /* query.xsd in Resources */,
				48F64A4F16DEA447003CC64C /* tune_channel_response.xml in Resources */,
				48F64A5116DEA474003CC64C /* full_querry_response.xml in Resources */,
				48F64A6416E001D9003CC64C /* profile-image-placeholder.png in Resources */,
				48F64A6516E001D9003CC64C /* profile-image-placeholder@2x.png in Resources */,
				48F64A7616E00522003CC64C /* bg-addbutton-highlighted.png in Resources */,
				48F64A7716E00522003CC64C /* bg-addbutton-highlighted@2x.png in Resources */,
				48F64A7816E00522003CC64C /* bg-addbutton.png in Resources */,
				48F64A7916E00522003CC64C /* bg-addbutton@2x.png in Resources */,
				48F64A7A16E00522003CC64C /* bg-menuitem-highlighted.png in Resources */,
				48F64A7B16E00522003CC64C /* bg-menuitem-highlighted@2x.png in Resources */,
				48F64A7C16E00522003CC64C /* bg-menuitem.png in Resources */,
				48F64A7D16E00522003CC64C /* bg-menuitem@2x.png in Resources */,
				48F64A7E16E00522003CC64C /* icon-plus-highlighted.png in Resources */,
				48F64A7F16E00522003CC64C /* icon-plus-highlighted@2x.png in Resources */,
				48F64A8016E00522003CC64C /* icon-plus.png in Resources */,
				48F64A8116E00522003CC64C /* icon-plus@2x.png in Resources */,
				48F64A8216E00522003CC64C /* icon-star.png in Resources */,
				48F64A8316E00522003CC64C /* icon-star@2x.png in Resources */,
				48F64AA016E2B08B003CC64C /* game2.png in Resources */,
				48F64AA116E2B08B003CC64C /* spotifyLogo.png in Resources */,
			);
			runOnlyForDeploymentPostprocessing = 0;
		};
/* End PBXResourcesBuildPhase section */

/* Begin PBXShellScriptBuildPhase section */
		42F04340B2CB4F53B963C8B3 /* Copy Pods Resources */ = {
			isa = PBXShellScriptBuildPhase;
			buildActionMask = 2147483647;
			files = (
			);
			inputPaths = (
			);
			name = "Copy Pods Resources";
			outputPaths = (
			);
			runOnlyForDeploymentPostprocessing = 0;
			shellPath = /bin/sh;
			shellScript = "\"${SRCROOT}/Pods/Pods-resources.sh\"\n";
		};
/* End PBXShellScriptBuildPhase section */

/* Begin PBXSourcesBuildPhase section */
		48F64A1A16DEA1A8003CC64C /* Sources */ = {
			isa = PBXSourcesBuildPhase;
			buildActionMask = 2147483647;
			files = (
				48F64A2E16DEA1A8003CC64C /* main.m in Sources */,
				48F64A3216DEA1A8003CC64C /* AppDelegate.m in Sources */,
				48F64A3E16DEA1A9003CC64C /* MasterViewController.m in Sources */,
				48F64A4116DEA1A9003CC64C /* DetailViewController.m in Sources */,
				48F64A5516DFF8D8003CC64C /* TwitterClient.m in Sources */,
				48F64A5B16DFF9B5003CC64C /* Post.m in Sources */,
				48F64A5C16DFF9B5003CC64C /* User.m in Sources */,
				48F64A6016DFFE6A003CC64C /* PostTableViewCell.m in Sources */,
				48F64A8916E0055B003CC64C /* AwesomeMenu.m in Sources */,
				48F64A8A16E0055B003CC64C /* AwesomeMenuItem.m in Sources */,
				48F64A8F16E0EF3C003CC64C /* ChannelsCell.m in Sources */,
				48F64A9216E0EFED003CC64C /* Channel.m in Sources */,
				48F64A9516E0F00E003CC64C /* Event.m in Sources */,
				48F64A9816E0FFB1003CC64C /* STBClient.m in Sources */,
				48F64A9B16E222E8003CC64C /* SpotifyWebViewController.m in Sources */,
				48F64AA416E2B1BE003CC64C /* QuizViewController.m in Sources */,
			);
			runOnlyForDeploymentPostprocessing = 0;
		};
/* End PBXSourcesBuildPhase section */

/* Begin PBXVariantGroup section */
		48F64A2A16DEA1A8003CC64C /* InfoPlist.strings */ = {
			isa = PBXVariantGroup;
			children = (
				48F64A2B16DEA1A8003CC64C /* en */,
			);
			name = InfoPlist.strings;
			sourceTree = "<group>";
		};
		48F64A3916DEA1A9003CC64C /* MainStoryboard.storyboard */ = {
			isa = PBXVariantGroup;
			children = (
				48F64A3A16DEA1A9003CC64C /* en */,
			);
			name = MainStoryboard.storyboard;
			sourceTree = "<group>";
		};
/* End PBXVariantGroup section */

/* Begin XCBuildConfiguration section */
		48F64A4216DEA1A9003CC64C /* Debug */ = {
			isa = XCBuildConfiguration;
			buildSettings = {
				ALWAYS_SEARCH_USER_PATHS = NO;
				CLANG_CXX_LANGUAGE_STANDARD = "gnu++0x";
				CLANG_CXX_LIBRARY = "libc++";
				CLANG_ENABLE_OBJC_ARC = YES;
				CLANG_WARN_CONSTANT_CONVERSION = YES;
				CLANG_WARN_EMPTY_BODY = YES;
				CLANG_WARN_ENUM_CONVERSION = YES;
				CLANG_WARN_INT_CONVERSION = YES;
				CLANG_WARN__DUPLICATE_METHOD_MATCH = YES;
				"CODE_SIGN_IDENTITY[sdk=iphoneos*]" = "iPhone Developer";
				COPY_PHASE_STRIP = NO;
				GCC_C_LANGUAGE_STANDARD = gnu99;
				GCC_DYNAMIC_NO_PIC = NO;
				GCC_OPTIMIZATION_LEVEL = 0;
				GCC_PREPROCESSOR_DEFINITIONS = (
					"DEBUG=1",
					"$(inherited)",
				);
				GCC_SYMBOLS_PRIVATE_EXTERN = NO;
				GCC_WARN_ABOUT_RETURN_TYPE = YES;
				GCC_WARN_UNINITIALIZED_AUTOS = YES;
				GCC_WARN_UNUSED_VARIABLE = YES;
				IPHONEOS_DEPLOYMENT_TARGET = 6.0;
				ONLY_ACTIVE_ARCH = YES;
				SDKROOT = iphoneos;
				TARGETED_DEVICE_FAMILY = 2;
			};
			name = Debug;
		};
		48F64A4316DEA1A9003CC64C /* Release */ = {
			isa = XCBuildConfiguration;
			buildSettings = {
				ALWAYS_SEARCH_USER_PATHS = NO;
				CLANG_CXX_LANGUAGE_STANDARD = "gnu++0x";
				CLANG_CXX_LIBRARY = "libc++";
				CLANG_ENABLE_OBJC_ARC = YES;
				CLANG_WARN_CONSTANT_CONVERSION = YES;
				CLANG_WARN_EMPTY_BODY = YES;
				CLANG_WARN_ENUM_CONVERSION = YES;
				CLANG_WARN_INT_CONVERSION = YES;
				CLANG_WARN__DUPLICATE_METHOD_MATCH = YES;
				"CODE_SIGN_IDENTITY[sdk=iphoneos*]" = "iPhone Developer";
				COPY_PHASE_STRIP = YES;
				GCC_C_LANGUAGE_STANDARD = gnu99;
				GCC_WARN_ABOUT_RETURN_TYPE = YES;
				GCC_WARN_UNINITIALIZED_AUTOS = YES;
				GCC_WARN_UNUSED_VARIABLE = YES;
				IPHONEOS_DEPLOYMENT_TARGET = 6.0;
				OTHER_CFLAGS = "-DNS_BLOCK_ASSERTIONS=1";
				SDKROOT = iphoneos;
				TARGETED_DEVICE_FAMILY = 2;
				VALIDATE_PRODUCT = YES;
			};
			name = Release;
		};
		48F64A4516DEA1A9003CC64C /* Debug */ = {
			isa = XCBuildConfiguration;
			baseConfigurationReference = BFFD48205B174C8D9FC024F2 /* Pods.xcconfig */;
			buildSettings = {
				GCC_PRECOMPILE_PREFIX_HEADER = YES;
				GCC_PREFIX_HEADER = "stb/stb-Prefix.pch";
				INFOPLIST_FILE = "stb/stb-Info.plist";
				PRODUCT_NAME = "$(TARGET_NAME)";
				WRAPPER_EXTENSION = app;
			};
			name = Debug;
		};
		48F64A4616DEA1A9003CC64C /* Release */ = {
			isa = XCBuildConfiguration;
			baseConfigurationReference = BFFD48205B174C8D9FC024F2 /* Pods.xcconfig */;
			buildSettings = {
				GCC_PRECOMPILE_PREFIX_HEADER = YES;
				GCC_PREFIX_HEADER = "stb/stb-Prefix.pch";
				INFOPLIST_FILE = "stb/stb-Info.plist";
				PRODUCT_NAME = "$(TARGET_NAME)";
				WRAPPER_EXTENSION = app;
			};
			name = Release;
		};
/* End XCBuildConfiguration section */

/* Begin XCConfigurationList section */
		48F64A1916DEA1A8003CC64C /* Build configuration list for PBXProject "stb" */ = {
			isa = XCConfigurationList;
			buildConfigurations = (
				48F64A4216DEA1A9003CC64C /* Debug */,
				48F64A4316DEA1A9003CC64C /* Release */,
			);
			defaultConfigurationIsVisible = 0;
			defaultConfigurationName = Release;
		};
		48F64A4416DEA1A9003CC64C /* Build configuration list for PBXNativeTarget "stb" */ = {
			isa = XCConfigurationList;
			buildConfigurations = (
				48F64A4516DEA1A9003CC64C /* Debug */,
				48F64A4616DEA1A9003CC64C /* Release */,
			);
			defaultConfigurationIsVisible = 0;
			defaultConfigurationName = Release;
		};
/* End XCConfigurationList section */
	};
	rootObject = 48F64A1616DEA1A8003CC64C /* Project object */;
}
